
Microsoft Visual Studio Solution File, Format Version 12.00
# Visual Studio Version 16
VisualStudioVersion = 16.0.30804.86
MinimumVisualStudioVersion = 10.0.40219.1
Project("{9A19103F-16F7-4668-BE54-9A1E7A4F7556}") = "Lidgren.Network", "Lidgren.Network\Lidgren.Network.csproj", "{B06120B6-880F-4DAE-9E42-A17C06E2B077}"
EndProject
Project("{9A19103F-16F7-4668-BE54-9A1E7A4F7556}") = "Lidgren.Network.Tests", "Lidgren.Network.Tests\Lidgren.Network.Tests.csproj", "{170A4384-686A-4DC8-9FAB-0B599429445D}"
EndProject
Project("{9A19103F-16F7-4668-BE54-9A1E7A4F7556}") = "Lidgren.Network.Performance", "Lidgren.Network.Performance\Lidgren.Network.Performance.csproj", "{8EBF4F74-0337-4176-A94F-4724094EB9DE}"
EndProject
Global
	GlobalSection(SolutionConfigurationPlatforms) = preSolution
		Debug|Any CPU = Debug|Any CPU
		Debug|Mixed Platforms = Debug|Mixed Platforms
		Debug|x86 = Debug|x86
		Release|Any CPU = Release|Any CPU
		Release|Mixed Platforms = Release|Mixed Platforms
		Release|x86 = Release|x86
	EndGlobalSection
	GlobalSection(ProjectConfigurationPlatforms) = postSolution
		{B06120B6-880F-4DAE-9E42-A17C06E2B077}.Debug|Any CPU.ActiveCfg = Debug|Any CPU
		{B06120B6-880F-4DAE-9E42-A17C06E2B077}.Debug|Any CPU.Build.0 = Debug|Any CPU
		{B06120B6-880F-4DAE-9E42-A17C06E2B077}.Debug|Mixed Platforms.ActiveCfg = Debug|Any CPU
		{B06120B6-880F-4DAE-9E42-A17C06E2B077}.Debug|Mixed Platforms.Build.0 = Debug|Any CPU
		{B06120B6-880F-4DAE-9E42-A17C06E2B077}.Debug|x86.ActiveCfg = Debug|Any CPU
		{B06120B6-880F-4DAE-9E42-A17C06E2B077}.Debug|x86.Build.0 = Debug|Any CPU
		{B06120B6-880F-4DAE-9E42-A17C06E2B077}.Release|Any CPU.ActiveCfg = Release|Any CPU
		{B06120B6-880F-4DAE-9E42-A17C06E2B077}.Release|Any CPU.Build.0 = Release|Any CPU
		{B06120B6-880F-4DAE-9E42-A17C06E2B077}.Release|Mixed Platforms.ActiveCfg = Release|Any CPU
		{B06120B6-880F-4DAE-9E42-A17C06E2B077}.Release|Mixed Platforms.Build.0 = Release|Any CPU
		{B06120B6-880F-4DAE-9E42-A17C06E2B077}.Release|x86.ActiveCfg = Release|Any CPU
		{B06120B6-880F-4DAE-9E42-A17C06E2B077}.Release|x86.Build.0 = Release|Any CPU
		{170A4384-686A-4DC8-9FAB-0B599429445D}.Debug|Any CPU.ActiveCfg = Debug|Any CPU
		{170A4384-686A-4DC8-9FAB-0B599429445D}.Debug|Any CPU.Build.0 = Debug|Any CPU
		{170A4384-686A-4DC8-9FAB-0B599429445D}.Debug|Mixed Platforms.ActiveCfg = Debug|Any CPU
		{170A4384-686A-4DC8-9FAB-0B599429445D}.Debug|Mixed Platforms.Build.0 = Debug|Any CPU
		{170A4384-686A-4DC8-9FAB-0B599429445D}.Debug|x86.ActiveCfg = Debug|Any CPU
		{170A4384-686A-4DC8-9FAB-0B599429445D}.Debug|x86.Build.0 = Debug|Any CPU
		{170A4384-686A-4DC8-9FAB-0B599429445D}.Release|Any CPU.ActiveCfg = Release|Any CPU
		{170A4384-686A-4DC8-9FAB-0B599429445D}.Release|Any CPU.Build.0 = Release|Any CPU
		{170A4384-686A-4DC8-9FAB-0B599429445D}.Release|Mixed Platforms.ActiveCfg = Release|Any CPU
		{170A4384-686A-4DC8-9FAB-0B599429445D}.Release|Mixed Platforms.Build.0 = Release|Any CPU
		{170A4384-686A-4DC8-9FAB-0B599429445D}.Release|x86.ActiveCfg = Release|Any CPU
		{170A4384-686A-4DC8-9FAB-0B599429445D}.Release|x86.Build.0 = Release|Any CPU
		{8EBF4F74-0337-4176-A94F-4724094EB9DE}.Debug|Any CPU.ActiveCfg = Debug|Any CPU
		{8EBF4F74-0337-4176-A94F-4724094EB9DE}.Debug|Any CPU.Build.0 = Debug|Any CPU
		{8EBF4F74-0337-4176-A94F-4724094EB9DE}.Debug|Mixed Platforms.ActiveCfg = Debug|Any CPU
		{8EBF4F74-0337-4176-A94F-4724094EB9DE}.Debug|Mixed Platforms.Build.0 = Debug|Any CPU
		{8EBF4F74-0337-4176-A94F-4724094EB9DE}.Debug|x86.ActiveCfg = Debug|Any CPU
		{8EBF4F74-0337-4176-A94F-4724094EB9DE}.Debug|x86.Build.0 = Debug|Any CPU
		{8EBF4F74-0337-4176-A94F-4724094EB9DE}.Release|Any CPU.ActiveCfg = Release|Any CPU
		{8EBF4F74-0337-4176-A94F-4724094EB9DE}.Release|Any CPU.Build.0 = Release|Any CPU
		{8EBF4F74-0337-4176-A94F-4724094EB9DE}.Release|Mixed Platforms.ActiveCfg = Release|Any CPU
		{8EBF4F74-0337-4176-A94F-4724094EB9DE}.Release|Mixed Platforms.Build.0 = Release|Any CPU
		{8EBF4F74-0337-4176-A94F-4724094EB9DE}.Release|x86.ActiveCfg = Release|Any CPU
		{8EBF4F74-0337-4176-A94F-4724094EB9DE}.Release|x86.Build.0 = Release|Any CPU
	EndGlobalSection
	GlobalSection(SolutionProperties) = preSolution
		HideSolutionNode = FALSE
	EndGlobalSection
	GlobalSection(ExtensibilityGlobals) = postSolution
		SolutionGuid = {46E2081A-758A-4FCB-99B8-CC718BA64C10}
	EndGlobalSection
EndGlobal
